
Microsoft Visual Studio Solution File, Format Version 12.00
# Visual Studio 15
VisualStudioVersion = 15.0.28307.1231
MinimumVisualStudioVersion = 10.0.40219.1
Project("{FAE04EC0-301F-11D3-BF4B-00C04F79EFBC}") = "Netease-Music-Proxy", "Netease-Music-Proxy\Netease-Music-Proxy.csproj", "{5DABBAE7-3826-445A-B04D-8012BB6A8714}"
EndProject
Global
	GlobalSection(SolutionConfigurationPlatforms) = preSolution
		Debug|Any CPU = Debug|Any CPU
		Release|Any CPU = Release|Any CPU
	EndGlobalSection
	GlobalSection(ProjectConfigurationPlatforms) = postSolution
		{5DABBAE7-3826-445A-B04D-8012BB6A8714}.Debug|Any CPU.ActiveCfg = Debug|Any CPU
		{5DABBAE7-3826-445A-B04D-8012BB6A8714}.Debug|Any CPU.Build.0 = Debug|Any CPU
		{5DABBAE7-3826-445A-B04D-8012BB6A8714}.Release|Any CPU.ActiveCfg = Release|Any CPU
		{5DABBAE7-3826-445A-B04D-8012BB6A8714}.Release|Any CPU.Build.0 = Release|Any CPU
	EndGlobalSection
	GlobalSection(SolutionProperties) = preSolution
		HideSolutionNode = FALSE
	EndGlobalSection
	GlobalSection(ExtensibilityGlobals) = postSolution
		SolutionGuid = {E6371735-03CC-4600-A4D7-54BFBF8671EE}
	EndGlobalSection
EndGlobal
